PODS:
  - AFNetworking (1.3.1)
  - LXReorderableCollectionViewFlowLayout (0.1.0.beta1)
  - NeoveraColorPicker (1.0)

DEPENDENCIES:
  - AFNetworking
  - LXReorderableCollectionViewFlowLayout
  - NeoveraColorPicker (from `https://github.com/kartech/colorpicker.git`)

EXTERNAL SOURCES:
  NeoveraColorPicker:
    :git: https://github.com/kartech/colorpicker.git

SPEC CHECKSUMS:
  AFNetworking: 9ec8aafb9269236a7630bd8d9838ce2ba30fa2a0
  LXReorderableCollectionViewFlowLayout: b4696ccd964061262bb314b88272a7b1110ec00b
  NeoveraColorPicker: 2defaa63e94935d08641ea55a30bfd7c77b984c2

COCOAPODS: 0.22.3
