// !$*UTF8*$!
{
	archiveVersion = 1;
	classes = {
	};
	objectVersion = 46;
	objects = {

/* Begin PBXBuildFile section */
		1063E5BAECF74579A1154E05 /* libPods.a in Frameworks */ = {isa = PBXBuildFile; fileRef = 1AE75B0BCA544B458C01132B /* libPods.a */; };
		D6D6E47117A161D00007694F /* hellTitle.xib in Resources */ = {isa = PBXBuildFile; fileRef = D6D6E47017A161D00007694F /* hellTitle.xib */; };
		D6D6E47317A1643F0007694F /* hellBody.xib in Resources */ = {isa = PBXBuildFile; fileRef = D6D6E47217A1643F0007694F /* hellBody.xib */; };
		FD1CAEC81779300F008BEECC /* yellowy.jpg in Resources */ = {isa = PBXBuildFile; fileRef = FD1CAEC71779300F008BEECC /* yellowy.jpg */; };
		FD1CAECA17793042008BEECC /* yellowDouble.xib in Resources */ = {isa = PBXBuildFile; fileRef = FD1CAEC917793042008BEECC /* yellowDouble.xib */; };
		FD6BC1C717730B3C008D17E3 /* UIKit.framework in Frameworks */ = {isa = PBXBuildFile; fileRef = FD6BC1C617730B3C008D17E3 /* UIKit.framework */; };
		FD6BC1C917730B3C008D17E3 /* Foundation.framework in Frameworks */ = {isa = PBXBuildFile; fileRef = FD6BC1C817730B3C008D17E3 /* Foundation.framework */; };
		FD6BC1CB17730B3C008D17E3 /* CoreGraphics.framework in Frameworks */ = {isa = PBXBuildFile; fileRef = FD6BC1CA17730B3C008D17E3 /* CoreGraphics.framework */; };
		FD6BC1D117730B3C008D17E3 /* InfoPlist.strings in Resources */ = {isa = PBXBuildFile; fileRef = FD6BC1CF17730B3C008D17E3 /* InfoPlist.strings */; };
		FD6BC1D317730B3C008D17E3 /* main.m in Sources */ = {isa = PBXBuildFile; fileRef = FD6BC1D217730B3C008D17E3 /* main.m */; };
		FD6BC1D717730B3C008D17E3 /* AppDelegate.m in Sources */ = {isa = PBXBuildFile; fileRef = FD6BC1D617730B3C008D17E3 /* AppDelegate.m */; };
		FD6BC1D917730B3C008D17E3 /* Default.png in Resources */ = {isa = PBXBuildFile; fileRef = FD6BC1D817730B3C008D17E3 /* Default.png */; };
		FD6BC1DB17730B3C008D17E3 /* Default@2x.png in Resources */ = {isa = PBXBuildFile; fileRef = FD6BC1DA17730B3C008D17E3 /* Default@2x.png */; };
		FD6BC1DD17730B3C008D17E3 /* Default-568h@2x.png in Resources */ = {isa = PBXBuildFile; fileRef = FD6BC1DC17730B3C008D17E3 /* Default-568h@2x.png */; };
		FD6BC1E017730B3C008D17E3 /* MainStoryboard_iPhone.storyboard in Resources */ = {isa = PBXBuildFile; fileRef = FD6BC1DE17730B3C008D17E3 /* MainStoryboard_iPhone.storyboard */; };
		FD6BC1E317730B3C008D17E3 /* MainStoryboard_iPad.storyboard in Resources */ = {isa = PBXBuildFile; fileRef = FD6BC1E117730B3C008D17E3 /* MainStoryboard_iPad.storyboard */; };
		FD6BC1E617730B3C008D17E3 /* ViewController.m in Sources */ = {isa = PBXBuildFile; fileRef = FD6BC1E517730B3C008D17E3 /* ViewController.m */; };
		FD6BC1EE17730B3C008D17E3 /* SenTestingKit.framework in Frameworks */ = {isa = PBXBuildFile; fileRef = FD6BC1ED17730B3C008D17E3 /* SenTestingKit.framework */; };
		FD6BC1EF17730B3C008D17E3 /* UIKit.framework in Frameworks */ = {isa = PBXBuildFile; fileRef = FD6BC1C617730B3C008D17E3 /* UIKit.framework */; };
		FD6BC1F017730B3C008D17E3 /* Foundation.framework in Frameworks */ = {isa = PBXBuildFile; fileRef = FD6BC1C817730B3C008D17E3 /* Foundation.framework */; };
		FD6BC1F817730B3C008D17E3 /* InfoPlist.strings in Resources */ = {isa = PBXBuildFile; fileRef = FD6BC1F617730B3C008D17E3 /* InfoPlist.strings */; };
		FD6BC1FB17730B3C008D17E3 /* DeckPressTests.m in Sources */ = {isa = PBXBuildFile; fileRef = FD6BC1FA17730B3C008D17E3 /* DeckPressTests.m */; };
		FD6BC20617732B5A008D17E3 /* ConnectionViewController.m in Sources */ = {isa = PBXBuildFile; fileRef = FD6BC20517732B5A008D17E3 /* ConnectionViewController.m */; };
		FD6BC20917733674008D17E3 /* SessionHashViewController.m in Sources */ = {isa = PBXBuildFile; fileRef = FD6BC20817733674008D17E3 /* SessionHashViewController.m */; };
		FD6BC20C1773459A008D17E3 /* PresentationViewController.m in Sources */ = {isa = PBXBuildFile; fileRef = FD6BC20B1773459A008D17E3 /* PresentationViewController.m */; };
		FD6BC20E17735861008D17E3 /* plainTitle.xib in Resources */ = {isa = PBXBuildFile; fileRef = FD6BC20D17735861008D17E3 /* plainTitle.xib */; };
		FD6BC21017735DEE008D17E3 /* plainBody.xib in Resources */ = {isa = PBXBuildFile; fileRef = FD6BC20F17735DEE008D17E3 /* plainBody.xib */; };
		FD6BC212177362DB008D17E3 /* plainPic.xib in Resources */ = {isa = PBXBuildFile; fileRef = FD6BC211177362DB008D17E3 /* plainPic.xib */; };
		FD6BC2141773638C008D17E3 /* building.jpg in Resources */ = {isa = PBXBuildFile; fileRef = FD6BC2131773638C008D17E3 /* building.jpg */; };
		FD6BC21717737C6D008D17E3 /* CNLayoutConstraintBuilder.m in Sources */ = {isa = PBXBuildFile; fileRef = FD6BC21617737C6D008D17E3 /* CNLayoutConstraintBuilder.m */; };
		FDC7FA17177DE20600E7EFD5 /* MainStoryboard.storyboard in Resources */ = {isa = PBXBuildFile; fileRef = FDC7FA10177DE20600E7EFD5 /* MainStoryboard.storyboard */; };
		FDC7FA18177DE20600E7EFD5 /* LXCollectionViewController.m in Sources */ = {isa = PBXBuildFile; fileRef = FDC7FA12177DE20600E7EFD5 /* LXCollectionViewController.m */; };
		FDC7FA19177DE20600E7EFD5 /* PlayingCard.m in Sources */ = {isa = PBXBuildFile; fileRef = FDC7FA14177DE20600E7EFD5 /* PlayingCard.m */; };
		FDC7FA1A177DE20600E7EFD5 /* PlayingCardCell.m in Sources */ = {isa = PBXBuildFile; fileRef = FDC7FA16177DE20600E7EFD5 /* PlayingCardCell.m */; };
		FDC7FA1C177DE5E700E7EFD5 /* pageicon.png in Resources */ = {isa = PBXBuildFile; fileRef = FDC7FA1B177DE5E700E7EFD5 /* pageicon.png */; };
		FDC7FA1E1781C6A300E7EFD5 /* pageiconopen.png in Resources */ = {isa = PBXBuildFile; fileRef = FDC7FA1D1781C6A200E7EFD5 /* pageiconopen.png */; };
/* End PBXBuildFile section */

/* Begin PBXContainerItemProxy section */
		FD6BC1F117730B3C008D17E3 /* PBXContainerItemProxy */ = {
			isa = PBXContainerItemProxy;
			containerPortal = FD6BC1BB17730B3C008D17E3 /* Project object */;
			proxyType = 1;
			remoteGlobalIDString = FD6BC1C217730B3C008D17E3;
			remoteInfo = DeckPress;
		};
/* End PBXContainerItemProxy section */

/* Begin PBXFileReference section */
		1AE75B0BCA544B458C01132B /* libPods.a */ = {isa = PBXFileReference; explicitFileType = archive.ar; includeInIndex = 0; path = libPods.a; sourceTree = BUILT_PRODUCTS_DIR; };
		D6D6E47017A161D00007694F /* hellTitle.xib */ = {isa = PBXFileReference; fileEncoding = 4; lastKnownFileType = file.xib; path = hellTitle.xib; sourceTree = "<group>"; };
		D6D6E47217A1643F0007694F /* hellBody.xib */ = {isa = PBXFileReference; fileEncoding = 4; lastKnownFileType = file.xib; path = hellBody.xib; sourceTree = "<group>"; };
		EC15E605E62F46C48B2B9419 /* Pods.xcconfig */ = {isa = PBXFileReference; includeInIndex = 1; lastKnownFileType = text.xcconfig; name = Pods.xcconfig; path = Pods/Pods.xcconfig; sourceTree = SOURCE_ROOT; };
		FD1CAEC71779300F008BEECC /* yellowy.jpg */ = {isa = PBXFileReference; lastKnownFileType = image.jpeg; path = yellowy.jpg; sourceTree = "<group>"; };
		FD1CAEC917793042008BEECC /* yellowDouble.xib */ = {isa = PBXFileReference; fileEncoding = 4; lastKnownFileType = file.xib; path = yellowDouble.xib; sourceTree = "<group>"; };
		FD6BC1C317730B3C008D17E3 /* DeckPress.app */ = {isa = PBXFileReference; explicitFileType = wrapper.application; includeInIndex = 0; path = DeckPress.app; sourceTree = BUILT_PRODUCTS_DIR; };
		FD6BC1C617730B3C008D17E3 /* UIKit.framework */ = {isa = PBXFileReference; lastKnownFileType = wrapper.framework; name = UIKit.framework; path = System/Library/Frameworks/UIKit.framework; sourceTree = SDKROOT; };
		FD6BC1C817730B3C008D17E3 /* Foundation.framework */ = {isa = PBXFileReference; lastKnownFileType = wrapper.framework; name = Foundation.framework; path = System/Library/Frameworks/Foundation.framework; sourceTree = SDKROOT; };
		FD6BC1CA17730B3C008D17E3 /* CoreGraphics.framework */ = {isa = PBXFileReference; lastKnownFileType = wrapper.framework; name = CoreGraphics.framework; path = System/Library/Frameworks/CoreGraphics.framework; sourceTree = SDKROOT; };
		FD6BC1CE17730B3C008D17E3 /* DeckPress-Info.plist */ = {isa = PBXFileReference; lastKnownFileType = text.plist.xml; path = "DeckPress-Info.plist"; sourceTree = "<group>"; };
		FD6BC1D017730B3C008D17E3 /* en */ = {isa = PBXFileReference; lastKnownFileType = text.plist.strings; name = en; path = en.lproj/InfoPlist.strings; sourceTree = "<group>"; };
		FD6BC1D217730B3C008D17E3 /* main.m */ = {isa = PBXFileReference; lastKnownFileType = sourcecode.c.objc; path = main.m; sourceTree = "<group>"; };
		FD6BC1D417730B3C008D17E3 /* DeckPress-Prefix.pch */ = {isa = PBXFileReference; lastKnownFileType = sourcecode.c.h; path = "DeckPress-Prefix.pch"; sourceTree = "<group>"; };
		FD6BC1D517730B3C008D17E3 /* AppDelegate.h */ = {isa = PBXFileReference; lastKnownFileType = sourcecode.c.h; path = AppDelegate.h; sourceTree = "<group>"; };
		FD6BC1D617730B3C008D17E3 /* AppDelegate.m */ = {isa = PBXFileReference; lastKnownFileType = sourcecode.c.objc; path = AppDelegate.m; sourceTree = "<group>"; };
		FD6BC1D817730B3C008D17E3 /* Default.png */ = {isa = PBXFileReference; lastKnownFileType = image.png; path = Default.png; sourceTree = "<group>"; };
		FD6BC1DA17730B3C008D17E3 /* Default@2x.png */ = {isa = PBXFileReference; lastKnownFileType = image.png; path = "Default@2x.png"; sourceTree = "<group>"; };
		FD6BC1DC17730B3C008D17E3 /* Default-568h@2x.png */ = {isa = PBXFileReference; lastKnownFileType = image.png; path = "Default-568h@2x.png"; sourceTree = "<group>"; };
		FD6BC1DF17730B3C008D17E3 /* en */ = {isa = PBXFileReference; lastKnownFileType = file.storyboard; name = en; path = en.lproj/MainStoryboard_iPhone.storyboard; sourceTree = "<group>"; };
		FD6BC1E217730B3C008D17E3 /* en */ = {isa = PBXFileReference; lastKnownFileType = file.storyboard; name = en; path = en.lproj/MainStoryboard_iPad.storyboard; sourceTree = "<group>"; };
		FD6BC1E417730B3C008D17E3 /* ViewController.h */ = {isa = PBXFileReference; lastKnownFileType = sourcecode.c.h; path = ViewController.h; sourceTree = "<group>"; };
		FD6BC1E517730B3C008D17E3 /* ViewController.m */ = {isa = PBXFileReference; lastKnownFileType = sourcecode.c.objc; path = ViewController.m; sourceTree = "<group>"; };
		FD6BC1EC17730B3C008D17E3 /* DeckPressTests.octest */ = {isa = PBXFileReference; explicitFileType = wrapper.cfbundle; includeInIndex = 0; path = DeckPressTests.octest; sourceTree = BUILT_PRODUCTS_DIR; };
		FD6BC1ED17730B3C008D17E3 /* SenTestingKit.framework */ = {isa = PBXFileReference; lastKnownFileType = wrapper.framework; name = SenTestingKit.framework; path = Library/Frameworks/SenTestingKit.framework; sourceTree = DEVELOPER_DIR; };
		FD6BC1F517730B3C008D17E3 /* DeckPressTests-Info.plist */ = {isa = PBXFileReference; lastKnownFileType = text.plist.xml; path = "DeckPressTests-Info.plist"; sourceTree = "<group>"; };
		FD6BC1F717730B3C008D17E3 /* en */ = {isa = PBXFileReference; lastKnownFileType = text.plist.strings; name = en; path = en.lproj/InfoPlist.strings; sourceTree = "<group>"; };
		FD6BC1F917730B3C008D17E3 /* DeckPressTests.h */ = {isa = PBXFileReference; lastKnownFileType = sourcecode.c.h; path = DeckPressTests.h; sourceTree = "<group>"; };
		FD6BC1FA17730B3C008D17E3 /* DeckPressTests.m */ = {isa = PBXFileReference; lastKnownFileType = sourcecode.c.objc; path = DeckPressTests.m; sourceTree = "<group>"; };
		FD6BC20417732B5A008D17E3 /* ConnectionViewController.h */ = {isa = PBXFileReference; fileEncoding = 4; lastKnownFileType = sourcecode.c.h; path = ConnectionViewController.h; sourceTree = "<group>"; };
		FD6BC20517732B5A008D17E3 /* ConnectionViewController.m */ = {isa = PBXFileReference; fileEncoding = 4; lastKnownFileType = sourcecode.c.objc; path = ConnectionViewController.m; sourceTree = "<group>"; };
		FD6BC20717733674008D17E3 /* SessionHashViewController.h */ = {isa = PBXFileReference; fileEncoding = 4; lastKnownFileType = sourcecode.c.h; path = SessionHashViewController.h; sourceTree = "<group>"; };
		FD6BC20817733674008D17E3 /* SessionHashViewController.m */ = {isa = PBXFileReference; fileEncoding = 4; lastKnownFileType = sourcecode.c.objc; path = SessionHashViewController.m; sourceTree = "<group>"; };
		FD6BC20A1773459A008D17E3 /* PresentationViewController.h */ = {isa = PBXFileReference; fileEncoding = 4; lastKnownFileType = sourcecode.c.h; path = PresentationViewController.h; sourceTree = "<group>"; };
		FD6BC20B1773459A008D17E3 /* PresentationViewController.m */ = {isa = PBXFileReference; fileEncoding = 4; lastKnownFileType = sourcecode.c.objc; path = PresentationViewController.m; sourceTree = "<group>"; };
		FD6BC20D17735861008D17E3 /* plainTitle.xib */ = {isa = PBXFileReference; fileEncoding = 4; lastKnownFileType = file.xib; path = plainTitle.xib; sourceTree = "<group>"; };
		FD6BC20F17735DEE008D17E3 /* plainBody.xib */ = {isa = PBXFileReference; fileEncoding = 4; lastKnownFileType = file.xib; path = plainBody.xib; sourceTree = "<group>"; };
		FD6BC211177362DB008D17E3 /* plainPic.xib */ = {isa = PBXFileReference; fileEncoding = 4; lastKnownFileType = file.xib; path = plainPic.xib; sourceTree = "<group>"; };
		FD6BC2131773638C008D17E3 /* building.jpg */ = {isa = PBXFileReference; lastKnownFileType = image.jpeg; path = building.jpg; sourceTree = "<group>"; };
		FD6BC21517737C6D008D17E3 /* CNLayoutConstraintBuilder.h */ = {isa = PBXFileReference; fileEncoding = 4; lastKnownFileType = sourcecode.c.h; path = CNLayoutConstraintBuilder.h; sourceTree = "<group>"; };
		FD6BC21617737C6D008D17E3 /* CNLayoutConstraintBuilder.m */ = {isa = PBXFileReference; fileEncoding = 4; lastKnownFileType = sourcecode.c.objc; path = CNLayoutConstraintBuilder.m; sourceTree = "<group>"; };
		FDC7FA10177DE20600E7EFD5 /* MainStoryboard.storyboard */ = {isa = PBXFileReference; fileEncoding = 4; lastKnownFileType = file.storyboard; path = MainStoryboard.storyboard; sourceTree = "<group>"; };
		FDC7FA11177DE20600E7EFD5 /* LXCollectionViewController.h */ = {isa = PBXFileReference; fileEncoding = 4; lastKnownFileType = sourcecode.c.h; path = LXCollectionViewController.h; sourceTree = "<group>"; };
		FDC7FA12177DE20600E7EFD5 /* LXCollectionViewController.m */ = {isa = PBXFileReference; fileEncoding = 4; lastKnownFileType = sourcecode.c.objc; path = LXCollectionViewController.m; sourceTree = "<group>"; };
		FDC7FA13177DE20600E7EFD5 /* PlayingCard.h */ = {isa = PBXFileReference; fileEncoding = 4; lastKnownFileType = sourcecode.c.h; path = PlayingCard.h; sourceTree = "<group>"; };
		FDC7FA14177DE20600E7EFD5 /* PlayingCard.m */ = {isa = PBXFileReference; fileEncoding = 4; lastKnownFileType = sourcecode.c.objc; path = PlayingCard.m; sourceTree = "<group>"; };
		FDC7FA15177DE20600E7EFD5 /* PlayingCardCell.h */ = {isa = PBXFileReference; fileEncoding = 4; lastKnownFileType = sourcecode.c.h; path = PlayingCardCell.h; sourceTree = "<group>"; };
		FDC7FA16177DE20600E7EFD5 /* PlayingCardCell.m */ = {isa = PBXFileReference; fileEncoding = 4; lastKnownFileType = sourcecode.c.objc; path = PlayingCardCell.m; sourceTree = "<group>"; };
		FDC7FA1B177DE5E700E7EFD5 /* pageicon.png */ = {isa = PBXFileReference; lastKnownFileType = image.png; path = pageicon.png; sourceTree = "<group>"; };
		FDC7FA1D1781C6A200E7EFD5 /* pageiconopen.png */ = {isa = PBXFileReference; lastKnownFileType = image.png; path = pageiconopen.png; sourceTree = "<group>"; };
/* End PBXFileReference section */

/* Begin PBXFrameworksBuildPhase section */
		FD6BC1C017730B3C008D17E3 /* Frameworks */ = {
			isa = PBXFrameworksBuildPhase;
			buildActionMask = 2147483647;
			files = (
				FD6BC1C717730B3C008D17E3 /* UIKit.framework in Frameworks */,
				FD6BC1C917730B3C008D17E3 /* Foundation.framework in Frameworks */,
				FD6BC1CB17730B3C008D17E3 /* CoreGraphics.framework in Frameworks */,
				1063E5BAECF74579A1154E05 /* libPods.a in Frameworks */,
			);
			runOnlyForDeploymentPostprocessing = 0;
		};
		FD6BC1E817730B3C008D17E3 /* Frameworks */ = {
			isa = PBXFrameworksBuildPhase;
			buildActionMask = 2147483647;
			files = (
				FD6BC1EE17730B3C008D17E3 /* SenTestingKit.framework in Frameworks */,
				FD6BC1EF17730B3C008D17E3 /* UIKit.framework in Frameworks */,
				FD6BC1F017730B3C008D17E3 /* Foundation.framework in Frameworks */,
			);
			runOnlyForDeploymentPostprocessing = 0;
		};
/* End PBXFrameworksBuildPhase section */

/* Begin PBXGroup section */
		FD6BC1BA17730B3C008D17E3 = {
			isa = PBXGroup;
			children = (
				FD6BC1CC17730B3C008D17E3 /* DeckPress */,
				FD6BC1F317730B3C008D17E3 /* DeckPressTests */,
				FD6BC1C517730B3C008D17E3 /* Frameworks */,
				FD6BC1C417730B3C008D17E3 /* Products */,
				EC15E605E62F46C48B2B9419 /* Pods.xcconfig */,
			);
			sourceTree = "<group>";
		};
		FD6BC1C417730B3C008D17E3 /* Products */ = {
			isa = PBXGroup;
			children = (
				FD6BC1C317730B3C008D17E3 /* DeckPress.app */,
				FD6BC1EC17730B3C008D17E3 /* DeckPressTests.octest */,
			);
			name = Products;
			sourceTree = "<group>";
		};
		FD6BC1C517730B3C008D17E3 /* Frameworks */ = {
			isa = PBXGroup;
			children = (
				FD6BC1C617730B3C008D17E3 /* UIKit.framework */,
				FD6BC1C817730B3C008D17E3 /* Foundation.framework */,
				FD6BC1CA17730B3C008D17E3 /* CoreGraphics.framework */,
				FD6BC1ED17730B3C008D17E3 /* SenTestingKit.framework */,
				1AE75B0BCA544B458C01132B /* libPods.a */,
			);
			name = Frameworks;
			sourceTree = "<group>";
		};
		FD6BC1CC17730B3C008D17E3 /* DeckPress */ = {
			isa = PBXGroup;
			children = (
				FDC7FA0F177DE1CD00E7EFD5 /* ExistingFlowCode */,
				FD6BC1D517730B3C008D17E3 /* AppDelegate.h */,
				FD6BC1D617730B3C008D17E3 /* AppDelegate.m */,
				FD6BC1DE17730B3C008D17E3 /* MainStoryboard_iPhone.storyboard */,
				FD6BC1E117730B3C008D17E3 /* MainStoryboard_iPad.storyboard */,
				FD6BC1E417730B3C008D17E3 /* ViewController.h */,
				FD6BC1E517730B3C008D17E3 /* ViewController.m */,
				FD6BC1CD17730B3C008D17E3 /* Supporting Files */,
				FD6BC20417732B5A008D17E3 /* ConnectionViewController.h */,
				FD6BC20517732B5A008D17E3 /* ConnectionViewController.m */,
				FD6BC20717733674008D17E3 /* SessionHashViewController.h */,
				FD6BC20817733674008D17E3 /* SessionHashViewController.m */,
				FD6BC20A1773459A008D17E3 /* PresentationViewController.h */,
				FD6BC20B1773459A008D17E3 /* PresentationViewController.m */,
				D6D6E47017A161D00007694F /* hellTitle.xib */,
				D6D6E47217A1643F0007694F /* hellBody.xib */,
				FD6BC20D17735861008D17E3 /* plainTitle.xib */,
				FD6BC20F17735DEE008D17E3 /* plainBody.xib */,
				FD6BC211177362DB008D17E3 /* plainPic.xib */,
				FD1CAEC917793042008BEECC /* yellowDouble.xib */,
				FD6BC2131773638C008D17E3 /* building.jpg */,
				FD6BC21517737C6D008D17E3 /* CNLayoutConstraintBuilder.h */,
				FD6BC21617737C6D008D17E3 /* CNLayoutConstraintBuilder.m */,
				FD1CAEC71779300F008BEECC /* yellowy.jpg */,
				FDC7FA1B177DE5E700E7EFD5 /* pageicon.png */,
				FDC7FA1D1781C6A200E7EFD5 /* pageiconopen.png */,
			);
			path = DeckPress;
			sourceTree = "<group>";
		};
		FD6BC1CD17730B3C008D17E3 /* Supporting Files */ = {
			isa = PBXGroup;
			children = (
				FD6BC1CE17730B3C008D17E3 /* DeckPress-Info.plist */,
				FD6BC1CF17730B3C008D17E3 /* InfoPlist.strings */,
				FD6BC1D217730B3C008D17E3 /* main.m */,
				FD6BC1D417730B3C008D17E3 /* DeckPress-Prefix.pch */,
				FD6BC1D817730B3C008D17E3 /* Default.png */,
				FD6BC1DA17730B3C008D17E3 /* Default@2x.png */,
				FD6BC1DC17730B3C008D17E3 /* Default-568h@2x.png */,
			);
			name = "Supporting Files";
			sourceTree = "<group>";
		};
		FD6BC1F317730B3C008D17E3 /* DeckPressTests */ = {
			isa = PBXGroup;
			children = (
				FD6BC1F917730B3C008D17E3 /* DeckPressTests.h */,
				FD6BC1FA17730B3C008D17E3 /* DeckPressTests.m */,
				FD6BC1F417730B3C008D17E3 /* Supporting Files */,
			);
			path = DeckPressTests;
			sourceTree = "<group>";
		};
		FD6BC1F417730B3C008D17E3 /* Supporting Files */ = {
			isa = PBXGroup;
			children = (
				FD6BC1F517730B3C008D17E3 /* DeckPressTests-Info.plist */,
				FD6BC1F617730B3C008D17E3 /* InfoPlist.strings */,
			);
			name = "Supporting Files";
			sourceTree = "<group>";
		};
		FDC7FA0F177DE1CD00E7EFD5 /* ExistingFlowCode */ = {
			isa = PBXGroup;
			children = (
				FDC7FA10177DE20600E7EFD5 /* MainStoryboard.storyboard */,
				FDC7FA11177DE20600E7EFD5 /* LXCollectionViewController.h */,
				FDC7FA12177DE20600E7EFD5 /* LXCollectionViewController.m */,
				FDC7FA13177DE20600E7EFD5 /* PlayingCard.h */,
				FDC7FA14177DE20600E7EFD5 /* PlayingCard.m */,
				FDC7FA15177DE20600E7EFD5 /* PlayingCardCell.h */,
				FDC7FA16177DE20600E7EFD5 /* PlayingCardCell.m */,
			);
			name = ExistingFlowCode;
			sourceTree = "<group>";
		};
/* End PBXGroup section */

/* Begin PBXNativeTarget section */
		FD6BC1C217730B3C008D17E3 /* DeckPress */ = {
			isa = PBXNativeTarget;
			buildConfigurationList = FD6BC1FE17730B3C008D17E3 /* Build configuration list for PBXNativeTarget "DeckPress" */;
			buildPhases = (
				E5F4A4CD27B944C49B9442C7 /* Check Pods Manifest.lock */,
				FD6BC1BF17730B3C008D17E3 /* Sources */,
				FD6BC1C017730B3C008D17E3 /* Frameworks */,
				FD6BC1C117730B3C008D17E3 /* Resources */,
				FF2FD603160748998BE19592 /* Copy Pods Resources */,
			);
			buildRules = (
			);
			dependencies = (
			);
			name = DeckPress;
			productName = DeckPress;
			productReference = FD6BC1C317730B3C008D17E3 /* DeckPress.app */;
			productType = "com.apple.product-type.application";
		};
		FD6BC1EB17730B3C008D17E3 /* DeckPressTests */ = {
			isa = PBXNativeTarget;
			buildConfigurationList = FD6BC20117730B3C008D17E3 /* Build configuration list for PBXNativeTarget "DeckPressTests" */;
			buildPhases = (
				FD6BC1E717730B3C008D17E3 /* Sources */,
				FD6BC1E817730B3C008D17E3 /* Frameworks */,
				FD6BC1E917730B3C008D17E3 /* Resources */,
				FD6BC1EA17730B3C008D17E3 /* ShellScript */,
			);
			buildRules = (
			);
			dependencies = (
				FD6BC1F217730B3C008D17E3 /* PBXTargetDependency */,
			);
			name = DeckPressTests;
			productName = DeckPressTests;
			productReference = FD6BC1EC17730B3C008D17E3 /* DeckPressTests.octest */;
			productType = "com.apple.product-type.bundle";
		};
/* End PBXNativeTarget section */

/* Begin PBXProject section */
		FD6BC1BB17730B3C008D17E3 /* Project object */ = {
			isa = PBXProject;
			attributes = {
				LastUpgradeCheck = 0460;
				ORGANIZATIONNAME = "Daren taylor";
			};
			buildConfigurationList = FD6BC1BE17730B3C008D17E3 /* Build configuration list for PBXProject "DeckPress" */;
			compatibilityVersion = "Xcode 3.2";
			developmentRegion = English;
			hasScannedForEncodings = 0;
			knownRegions = (
				en,
			);
			mainGroup = FD6BC1BA17730B3C008D17E3;
			productRefGroup = FD6BC1C417730B3C008D17E3 /* Products */;
			projectDirPath = "";
			projectRoot = "";
			targets = (
				FD6BC1C217730B3C008D17E3 /* DeckPress */,
				FD6BC1EB17730B3C008D17E3 /* DeckPressTests */,
			);
		};
/* End PBXProject section */

/* Begin PBXResourcesBuildPhase section */
		FD6BC1C117730B3C008D17E3 /* Resources */ = {
			isa = PBXResourcesBuildPhase;
			buildActionMask = 2147483647;
			files = (
				FD6BC1D117730B3C008D17E3 /* InfoPlist.strings in Resources */,
				FD6BC1D917730B3C008D17E3 /* Default.png in Resources */,
				FD6BC1DB17730B3C008D17E3 /* Default@2x.png in Resources */,
				FD6BC1DD17730B3C008D17E3 /* Default-568h@2x.png in Resources */,
				FD6BC1E017730B3C008D17E3 /* MainStoryboard_iPhone.storyboard in Resources */,
				FD6BC1E317730B3C008D17E3 /* MainStoryboard_iPad.storyboard in Resources */,
				FD6BC20E17735861008D17E3 /* plainTitle.xib in Resources */,
				FD6BC21017735DEE008D17E3 /* plainBody.xib in Resources */,
				FD6BC212177362DB008D17E3 /* plainPic.xib in Resources */,
				FD6BC2141773638C008D17E3 /* building.jpg in Resources */,
				FD1CAEC81779300F008BEECC /* yellowy.jpg in Resources */,
				FD1CAECA17793042008BEECC /* yellowDouble.xib in Resources */,
				FDC7FA17177DE20600E7EFD5 /* MainStoryboard.storyboard in Resources */,
				FDC7FA1C177DE5E700E7EFD5 /* pageicon.png in Resources */,
				FDC7FA1E1781C6A300E7EFD5 /* pageiconopen.png in Resources */,
				D6D6E47117A161D00007694F /* hellTitle.xib in Resources */,
				D6D6E47317A1643F0007694F /* hellBody.xib in Resources */,
			);
			runOnlyForDeploymentPostprocessing = 0;
		};
		FD6BC1E917730B3C008D17E3 /* Resources */ = {
			isa = PBXResourcesBuildPhase;
			buildActionMask = 2147483647;
			files = (
				FD6BC1F817730B3C008D17E3 /* InfoPlist.strings in Resources */,
			);
			runOnlyForDeploymentPostprocessing = 0;
		};
/* End PBXResourcesBuildPhase section */

/* Begin PBXShellScriptBuildPhase section */
		E5F4A4CD27B944C49B9442C7 /* Check Pods Manifest.lock */ = {
			isa = PBXShellScriptBuildPhase;
			buildActionMask = 2147483647;
			files = (
			);
			inputPaths = (
			);
			name = "Check Pods Manifest.lock";
			outputPaths = (
			);
			runOnlyForDeploymentPostprocessing = 0;
			shellPath = /bin/sh;
			shellScript = "diff \"${PODS_ROOT}/../Podfile.lock\" \"${PODS_ROOT}/Manifest.lock\" > /dev/null\nif [[ $? != 0 ]] ; then\n    cat << EOM\nerror: The sandbox is not in sync with the Podfile.lock. Run 'pod install' or update your CocoaPods installation.\nEOM\n    exit 1\nfi\n";
		};
		FD6BC1EA17730B3C008D17E3 /* ShellScript */ = {
			isa = PBXShellScriptBuildPhase;
			buildActionMask = 2147483647;
			files = (
			);
			inputPaths = (
			);
			outputPaths = (
			);
			runOnlyForDeploymentPostprocessing = 0;
			shellPath = /bin/sh;
			shellScript = "# Run the unit tests in this test bundle.\n\"${SYSTEM_DEVELOPER_DIR}/Tools/RunUnitTests\"\n";
		};
		FF2FD603160748998BE19592 /* Copy Pods Resources */ = {
			isa = PBXShellScriptBuildPhase;
			buildActionMask = 2147483647;
			files = (
			);
			inputPaths = (
			);
			name = "Copy Pods Resources";
			outputPaths = (
			);
			runOnlyForDeploymentPostprocessing = 0;
			shellPath = /bin/sh;
			shellScript = "\"${SRCROOT}/Pods/Pods-resources.sh\"\n";
		};
/* End PBXShellScriptBuildPhase section */

/* Begin PBXSourcesBuildPhase section */
		FD6BC1BF17730B3C008D17E3 /* Sources */ = {
			isa = PBXSourcesBuildPhase;
			buildActionMask = 2147483647;
			files = (
				FD6BC1D317730B3C008D17E3 /* main.m in Sources */,
				FD6BC1D717730B3C008D17E3 /* AppDelegate.m in Sources */,
				FD6BC1E617730B3C008D17E3 /* ViewController.m in Sources */,
				FD6BC20617732B5A008D17E3 /* ConnectionViewController.m in Sources */,
				FD6BC20917733674008D17E3 /* SessionHashViewController.m in Sources */,
				FD6BC20C1773459A008D17E3 /* PresentationViewController.m in Sources */,
				FD6BC21717737C6D008D17E3 /* CNLayoutConstraintBuilder.m in Sources */,
				FDC7FA18177DE20600E7EFD5 /* LXCollectionViewController.m in Sources */,
				FDC7FA19177DE20600E7EFD5 /* PlayingCard.m in Sources */,
				FDC7FA1A177DE20600E7EFD5 /* PlayingCardCell.m in Sources */,
			);
			runOnlyForDeploymentPostprocessing = 0;
		};
		FD6BC1E717730B3C008D17E3 /* Sources */ = {
			isa = PBXSourcesBuildPhase;
			buildActionMask = 2147483647;
			files = (
				FD6BC1FB17730B3C008D17E3 /* DeckPressTests.m in Sources */,
			);
			runOnlyForDeploymentPostprocessing = 0;
		};
/* End PBXSourcesBuildPhase section */

/* Begin PBXTargetDependency section */
		FD6BC1F217730B3C008D17E3 /* PBXTargetDependency */ = {
			isa = PBXTargetDependency;
			target = FD6BC1C217730B3C008D17E3 /* DeckPress */;
			targetProxy = FD6BC1F117730B3C008D17E3 /* PBXContainerItemProxy */;
		};
/* End PBXTargetDependency section */

/* Begin PBXVariantGroup section */
		FD6BC1CF17730B3C008D17E3 /* InfoPlist.strings */ = {
			isa = PBXVariantGroup;
			children = (
				FD6BC1D017730B3C008D17E3 /* en */,
			);
			name = InfoPlist.strings;
			sourceTree = "<group>";
		};
		FD6BC1DE17730B3C008D17E3 /* MainStoryboard_iPhone.storyboard */ = {
			isa = PBXVariantGroup;
			children = (
				FD6BC1DF17730B3C008D17E3 /* en */,
			);
			name = MainStoryboard_iPhone.storyboard;
			sourceTree = "<group>";
		};
		FD6BC1E117730B3C008D17E3 /* MainStoryboard_iPad.storyboard */ = {
			isa = PBXVariantGroup;
			children = (
				FD6BC1E217730B3C008D17E3 /* en */,
			);
			name = MainStoryboard_iPad.storyboard;
			sourceTree = "<group>";
		};
		FD6BC1F617730B3C008D17E3 /* InfoPlist.strings */ = {
			isa = PBXVariantGroup;
			children = (
				FD6BC1F717730B3C008D17E3 /* en */,
			);
			name = InfoPlist.strings;
			sourceTree = "<group>";
		};
/* End PBXVariantGroup section */

/* Begin XCBuildConfiguration section */
		FD6BC1FC17730B3C008D17E3 /* Debug */ = {
			isa = XCBuildConfiguration;
			buildSettings = {
				ALWAYS_SEARCH_USER_PATHS = NO;
				CLANG_CXX_LANGUAGE_STANDARD = "gnu++0x";
				CLANG_CXX_LIBRARY = "libc++";
				CLANG_ENABLE_OBJC_ARC = YES;
				CLANG_WARN_CONSTANT_CONVERSION = YES;
				CLANG_WARN_EMPTY_BODY = YES;
				CLANG_WARN_ENUM_CONVERSION = YES;
				CLANG_WARN_INT_CONVERSION = YES;
				CLANG_WARN__DUPLICATE_METHOD_MATCH = YES;
				"CODE_SIGN_IDENTITY[sdk=iphoneos*]" = "iPhone Developer";
				COPY_PHASE_STRIP = NO;
				GCC_C_LANGUAGE_STANDARD = gnu99;
				GCC_DYNAMIC_NO_PIC = NO;
				GCC_OPTIMIZATION_LEVEL = 0;
				GCC_PREPROCESSOR_DEFINITIONS = (
					"DEBUG=1",
					"$(inherited)",
				);
				GCC_SYMBOLS_PRIVATE_EXTERN = NO;
				GCC_WARN_ABOUT_RETURN_TYPE = YES;
				GCC_WARN_UNINITIALIZED_AUTOS = YES;
				GCC_WARN_UNUSED_VARIABLE = YES;
				IPHONEOS_DEPLOYMENT_TARGET = 6.1;
				ONLY_ACTIVE_ARCH = YES;
				SDKROOT = iphoneos;
				TARGETED_DEVICE_FAMILY = "1,2";
			};
			name = Debug;
		};
		FD6BC1FD17730B3C008D17E3 /* Release */ = {
			isa = XCBuildConfiguration;
			buildSettings = {
				ALWAYS_SEARCH_USER_PATHS = NO;
				CLANG_CXX_LANGUAGE_STANDARD = "gnu++0x";
				CLANG_CXX_LIBRARY = "libc++";
				CLANG_ENABLE_OBJC_ARC = YES;
				CLANG_WARN_CONSTANT_CONVERSION = YES;
				CLANG_WARN_EMPTY_BODY = YES;
				CLANG_WARN_ENUM_CONVERSION = YES;
				CLANG_WARN_INT_CONVERSION = YES;
				CLANG_WARN__DUPLICATE_METHOD_MATCH = YES;
				"CODE_SIGN_IDENTITY[sdk=iphoneos*]" = "iPhone Developer";
				COPY_PHASE_STRIP = YES;
				GCC_C_LANGUAGE_STANDARD = gnu99;
				GCC_WARN_ABOUT_RETURN_TYPE = YES;
				GCC_WARN_UNINITIALIZED_AUTOS = YES;
				GCC_WARN_UNUSED_VARIABLE = YES;
				IPHONEOS_DEPLOYMENT_TARGET = 6.1;
				OTHER_CFLAGS = "-DNS_BLOCK_ASSERTIONS=1";
				SDKROOT = iphoneos;
				TARGETED_DEVICE_FAMILY = "1,2";
				VALIDATE_PRODUCT = YES;
			};
			name = Release;
		};
		FD6BC1FF17730B3C008D17E3 /* Debug */ = {
			isa = XCBuildConfiguration;
			baseConfigurationReference = EC15E605E62F46C48B2B9419 /* Pods.xcconfig */;
			buildSettings = {
				GCC_PRECOMPILE_PREFIX_HEADER = YES;
				GCC_PREFIX_HEADER = "DeckPress/DeckPress-Prefix.pch";
				INFOPLIST_FILE = "DeckPress/DeckPress-Info.plist";
				PRODUCT_NAME = "$(TARGET_NAME)";
				WRAPPER_EXTENSION = app;
			};
			name = Debug;
		};
		FD6BC20017730B3C008D17E3 /* Release */ = {
			isa = XCBuildConfiguration;
			baseConfigurationReference = EC15E605E62F46C48B2B9419 /* Pods.xcconfig */;
			buildSettings = {
				GCC_PRECOMPILE_PREFIX_HEADER = YES;
				GCC_PREFIX_HEADER = "DeckPress/DeckPress-Prefix.pch";
				INFOPLIST_FILE = "DeckPress/DeckPress-Info.plist";
				PRODUCT_NAME = "$(TARGET_NAME)";
				WRAPPER_EXTENSION = app;
			};
			name = Release;
		};
		FD6BC20217730B3C008D17E3 /* Debug */ = {
			isa = XCBuildConfiguration;
			buildSettings = {
				BUNDLE_LOADER = "$(BUILT_PRODUCTS_DIR)/DeckPress.app/DeckPress";
				FRAMEWORK_SEARCH_PATHS = (
					"\"$(SDKROOT)/Developer/Library/Frameworks\"",
					"\"$(DEVELOPER_LIBRARY_DIR)/Frameworks\"",
				);
				GCC_PRECOMPILE_PREFIX_HEADER = YES;
				GCC_PREFIX_HEADER = "DeckPress/DeckPress-Prefix.pch";
				INFOPLIST_FILE = "DeckPressTests/DeckPressTests-Info.plist";
				PRODUCT_NAME = "$(TARGET_NAME)";
				TEST_HOST = "$(BUNDLE_LOADER)";
				WRAPPER_EXTENSION = octest;
			};
			name = Debug;
		};
		FD6BC20317730B3C008D17E3 /* Release */ = {
			isa = XCBuildConfiguration;
			buildSettings = {
				BUNDLE_LOADER = "$(BUILT_PRODUCTS_DIR)/DeckPress.app/DeckPress";
				FRAMEWORK_SEARCH_PATHS = (
					"\"$(SDKROOT)/Developer/Library/Frameworks\"",
					"\"$(DEVELOPER_LIBRARY_DIR)/Frameworks\"",
				);
				GCC_PRECOMPILE_PREFIX_HEADER = YES;
				GCC_PREFIX_HEADER = "DeckPress/DeckPress-Prefix.pch";
				INFOPLIST_FILE = "DeckPressTests/DeckPressTests-Info.plist";
				PRODUCT_NAME = "$(TARGET_NAME)";
				TEST_HOST = "$(BUNDLE_LOADER)";
				WRAPPER_EXTENSION = octest;
			};
			name = Release;
		};
/* End XCBuildConfiguration section */

/* Begin XCConfigurationList section */
		FD6BC1BE17730B3C008D17E3 /* Build configuration list for PBXProject "DeckPress" */ = {
			isa = XCConfigurationList;
			buildConfigurations = (
				FD6BC1FC17730B3C008D17E3 /* Debug */,
				FD6BC1FD17730B3C008D17E3 /* Release */,
			);
			defaultConfigurationIsVisible = 0;
			defaultConfigurationName = Release;
		};
		FD6BC1FE17730B3C008D17E3 /* Build configuration list for PBXNativeTarget "DeckPress" */ = {
			isa = XCConfigurationList;
			buildConfigurations = (
				FD6BC1FF17730B3C008D17E3 /* Debug */,
				FD6BC20017730B3C008D17E3 /* Release */,
			);
			defaultConfigurationIsVisible = 0;
			defaultConfigurationName = Release;
		};
		FD6BC20117730B3C008D17E3 /* Build configuration list for PBXNativeTarget "DeckPressTests" */ = {
			isa = XCConfigurationList;
			buildConfigurations = (
				FD6BC20217730B3C008D17E3 /* Debug */,
				FD6BC20317730B3C008D17E3 /* Release */,
			);
			defaultConfigurationIsVisible = 0;
			defaultConfigurationName = Release;
		};
/* End XCConfigurationList section */
	};
	rootObject = FD6BC1BB17730B3C008D17E3 /* Project object */;
}
